
Microsoft Visual Studio Solution File, Format Version 12.00
# Visual Studio Version 16
VisualStudioVersion = 16.0.31424.327
MinimumVisualStudioVersion = 10.0.40219.1
Project("{FAE04EC0-301F-11D3-BF4B-00C04F79EFBC}") = "VAT", "VAT\VAT.csproj", "{CD98A0EA-E41C-49FC-B07F-233B4F4071EF}"
EndProject
Global
	GlobalSection(SolutionConfigurationPlatforms) = preSolution
		Debug|Any CPU = Debug|Any CPU
		Release|Any CPU = Release|Any CPU
	EndGlobalSection
	GlobalSection(ProjectConfigurationPlatforms) = postSolution
		{CD98A0EA-E41C-49FC-B07F-233B4F4071EF}.Debug|Any CPU.ActiveCfg = Debug|Any CPU
		{CD98A0EA-E41C-49FC-B07F-233B4F4071EF}.Debug|Any CPU.Build.0 = Debug|Any CPU
		{CD98A0EA-E41C-49FC-B07F-233B4F4071EF}.Release|Any CPU.ActiveCfg = Release|Any CPU
		{CD98A0EA-E41C-49FC-B07F-233B4F4071EF}.Release|Any CPU.Build.0 = Release|Any CPU
	EndGlobalSection
	GlobalSection(SolutionProperties) = preSolution
		HideSolutionNode = FALSE
	EndGlobalSection
	GlobalSection(ExtensibilityGlobals) = postSolution
		SolutionGuid = {27C7D782-838A-447D-B3A0-6EDD86C0A0D3}
	EndGlobalSection
EndGlobal
