
Microsoft Visual Studio Solution File, Format Version 12.00
# Visual Studio Version 16
VisualStudioVersion = 16.0.31424.327
MinimumVisualStudioVersion = 10.0.40219.1
Project("{FAE04EC0-301F-11D3-BF4B-00C04F79EFBC}") = "Webservice", "Webservice\Webservice.csproj", "{EC312A0D-017A-4F96-8A68-337AE6DFFFFC}"
EndProject
Global
	GlobalSection(SolutionConfigurationPlatforms) = preSolution
		Debug|Any CPU = Debug|Any CPU
		Release|Any CPU = Release|Any CPU
	EndGlobalSection
	GlobalSection(ProjectConfigurationPlatforms) = postSolution
		{EC312A0D-017A-4F96-8A68-337AE6DFFFFC}.Debug|Any CPU.ActiveCfg = Debug|Any CPU
		{EC312A0D-017A-4F96-8A68-337AE6DFFFFC}.Debug|Any CPU.Build.0 = Debug|Any CPU
		{EC312A0D-017A-4F96-8A68-337AE6DFFFFC}.Release|Any CPU.ActiveCfg = Release|Any CPU
		{EC312A0D-017A-4F96-8A68-337AE6DFFFFC}.Release|Any CPU.Build.0 = Release|Any CPU
	EndGlobalSection
	GlobalSection(SolutionProperties) = preSolution
		HideSolutionNode = FALSE
	EndGlobalSection
	GlobalSection(ExtensibilityGlobals) = postSolution
		SolutionGuid = {D64882C2-8057-4F19-9739-3970457B49BD}
	EndGlobalSection
EndGlobal
